
Microsoft Visual Studio Solution File, Format Version 12.00
# Visual Studio Version 17
VisualStudioVersion = 17.10.35122.118
MinimumVisualStudioVersion = 10.0.40219.1
Project("{8BC9CEB8-8B4A-11D0-8D11-00A0C91BC942}") = "Homework 24.11.2024", "Homework 24.11.2024\Homework 24.11.2024.vcxproj", "{F1069FF0-AA5B-4FA7-A346-53EBDA051551}"
EndProject
Global
	GlobalSection(SolutionConfigurationPlatforms) = preSolution
		Debug|x64 = Debug|x64
		Debug|x86 = Debug|x86
		Release|x64 = Release|x64
		Release|x86 = Release|x86
	EndGlobalSection
	GlobalSection(ProjectConfigurationPlatforms) = postSolution
		{F1069FF0-AA5B-4FA7-A346-53EBDA051551}.Debug|x64.ActiveCfg = Debug|x64
		{F1069FF0-AA5B-4FA7-A346-53EBDA051551}.Debug|x64.Build.0 = Debug|x64
		{F1069FF0-AA5B-4FA7-A346-53EBDA051551}.Debug|x86.ActiveCfg = Debug|Win32
		{F1069FF0-AA5B-4FA7-A346-53EBDA051551}.Debug|x86.Build.0 = Debug|Win32
		{F1069FF0-AA5B-4FA7-A346-53EBDA051551}.Release|x64.ActiveCfg = Release|x64
		{F1069FF0-AA5B-4FA7-A346-53EBDA051551}.Release|x64.Build.0 = Release|x64
		{F1069FF0-AA5B-4FA7-A346-53EBDA051551}.Release|x86.ActiveCfg = Release|Win32
		{F1069FF0-AA5B-4FA7-A346-53EBDA051551}.Release|x86.Build.0 = Release|Win32
	EndGlobalSection
	GlobalSection(SolutionProperties) = preSolution
		HideSolutionNode = FALSE
	EndGlobalSection
	GlobalSection(ExtensibilityGlobals) = postSolution
		SolutionGuid = {CB6DC1A2-D229-4258-B530-64A986CFF075}
	EndGlobalSection
EndGlobal
